
Microsoft Visual Studio Solution File, Format Version 12.00
# Visual Studio Version 17
VisualStudioVersion = 17.5.33402.96
MinimumVisualStudioVersion = 10.0.40219.1
Project("{2150E333-8FDC-42A3-9474-1A3956D46DE8}") = "Creational", "Creational", "{1094F686-C387-4C4B-9D6D-36791E8755F7}"
EndProject
Project("{9A19103F-16F7-4668-BE54-9A1E7A4F7556}") = "FactoryMethod", "Creational\FactoryMethod\FactoryMethod.csproj", "{4AE9157B-A8C9-45E7-A954-5F17E0571D5B}"
EndProject
Project("{9A19103F-16F7-4668-BE54-9A1E7A4F7556}") = "Singleton", "Creational\Singleton\Singleton.csproj", "{C7FAA45B-CB5C-4D7D-934E-FC0C5BFDE4F6}"
EndProject
Project("{9A19103F-16F7-4668-BE54-9A1E7A4F7556}") = "AbstractFactory", "Creational\AbstractFactory\AbstractFactory.csproj", "{54C5B7D7-F054-49F4-B9B6-0B3E7401ED5B}"
EndProject
Project("{9A19103F-16F7-4668-BE54-9A1E7A4F7556}") = "Builder", "Creational\Builder\Builder.csproj", "{F0852FD1-A571-4663-B2F6-9EE2425C53C8}"
EndProject
Project("{9A19103F-16F7-4668-BE54-9A1E7A4F7556}") = "Prototype", "Creational\Prototype\Prototype.csproj", "{6903047E-F7C5-4397-9D06-D7DC1D865DA6}"
EndProject
Project("{2150E333-8FDC-42A3-9474-1A3956D46DE8}") = "Structural", "Structural", "{709BA744-6894-4B08-9EE5-0A697E8F2983}"
EndProject
Project("{FAE04EC0-301F-11D3-BF4B-00C04F79EFBC}") = "Adapter", "Structural\Adaptor\Adapter.csproj", "{9B13E4B7-856D-4993-A7EE-DFABD24E9870}"
EndProject
Project("{FAE04EC0-301F-11D3-BF4B-00C04F79EFBC}") = "Decorator", "Structural\Decorator\Decorator.csproj", "{3172D8AF-4E10-47A9-BB03-78E23015BCD4}"
EndProject
Global
	GlobalSection(SolutionConfigurationPlatforms) = preSolution
		Debug|Any CPU = Debug|Any CPU
		Release|Any CPU = Release|Any CPU
	EndGlobalSection
	GlobalSection(ProjectConfigurationPlatforms) = postSolution
		{4AE9157B-A8C9-45E7-A954-5F17E0571D5B}.Debug|Any CPU.ActiveCfg = Debug|Any CPU
		{4AE9157B-A8C9-45E7-A954-5F17E0571D5B}.Debug|Any CPU.Build.0 = Debug|Any CPU
		{4AE9157B-A8C9-45E7-A954-5F17E0571D5B}.Release|Any CPU.ActiveCfg = Release|Any CPU
		{4AE9157B-A8C9-45E7-A954-5F17E0571D5B}.Release|Any CPU.Build.0 = Release|Any CPU
		{C7FAA45B-CB5C-4D7D-934E-FC0C5BFDE4F6}.Debug|Any CPU.ActiveCfg = Debug|Any CPU
		{C7FAA45B-CB5C-4D7D-934E-FC0C5BFDE4F6}.Debug|Any CPU.Build.0 = Debug|Any CPU
		{C7FAA45B-CB5C-4D7D-934E-FC0C5BFDE4F6}.Release|Any CPU.ActiveCfg = Release|Any CPU
		{C7FAA45B-CB5C-4D7D-934E-FC0C5BFDE4F6}.Release|Any CPU.Build.0 = Release|Any CPU
		{54C5B7D7-F054-49F4-B9B6-0B3E7401ED5B}.Debug|Any CPU.ActiveCfg = Debug|Any CPU
		{54C5B7D7-F054-49F4-B9B6-0B3E7401ED5B}.Debug|Any CPU.Build.0 = Debug|Any CPU
		{54C5B7D7-F054-49F4-B9B6-0B3E7401ED5B}.Release|Any CPU.ActiveCfg = Release|Any CPU
		{54C5B7D7-F054-49F4-B9B6-0B3E7401ED5B}.Release|Any CPU.Build.0 = Release|Any CPU
		{F0852FD1-A571-4663-B2F6-9EE2425C53C8}.Debug|Any CPU.ActiveCfg = Debug|Any CPU
		{F0852FD1-A571-4663-B2F6-9EE2425C53C8}.Debug|Any CPU.Build.0 = Debug|Any CPU
		{F0852FD1-A571-4663-B2F6-9EE2425C53C8}.Release|Any CPU.ActiveCfg = Release|Any CPU
		{F0852FD1-A571-4663-B2F6-9EE2425C53C8}.Release|Any CPU.Build.0 = Release|Any CPU
		{6903047E-F7C5-4397-9D06-D7DC1D865DA6}.Debug|Any CPU.ActiveCfg = Debug|Any CPU
		{6903047E-F7C5-4397-9D06-D7DC1D865DA6}.Debug|Any CPU.Build.0 = Debug|Any CPU
		{6903047E-F7C5-4397-9D06-D7DC1D865DA6}.Release|Any CPU.ActiveCfg = Release|Any CPU
		{6903047E-F7C5-4397-9D06-D7DC1D865DA6}.Release|Any CPU.Build.0 = Release|Any CPU
		{9B13E4B7-856D-4993-A7EE-DFABD24E9870}.Debug|Any CPU.ActiveCfg = Debug|Any CPU
		{9B13E4B7-856D-4993-A7EE-DFABD24E9870}.Debug|Any CPU.Build.0 = Debug|Any CPU
		{9B13E4B7-856D-4993-A7EE-DFABD24E9870}.Release|Any CPU.ActiveCfg = Release|Any CPU
		{9B13E4B7-856D-4993-A7EE-DFABD24E9870}.Release|Any CPU.Build.0 = Release|Any CPU
		{3172D8AF-4E10-47A9-BB03-78E23015BCD4}.Debug|Any CPU.ActiveCfg = Debug|Any CPU
		{3172D8AF-4E10-47A9-BB03-78E23015BCD4}.Debug|Any CPU.Build.0 = Debug|Any CPU
		{3172D8AF-4E10-47A9-BB03-78E23015BCD4}.Release|Any CPU.ActiveCfg = Release|Any CPU
		{3172D8AF-4E10-47A9-BB03-78E23015BCD4}.Release|Any CPU.Build.0 = Release|Any CPU
	EndGlobalSection
	GlobalSection(SolutionProperties) = preSolution
		HideSolutionNode = FALSE
	EndGlobalSection
	GlobalSection(NestedProjects) = preSolution
		{4AE9157B-A8C9-45E7-A954-5F17E0571D5B} = {1094F686-C387-4C4B-9D6D-36791E8755F7}
		{C7FAA45B-CB5C-4D7D-934E-FC0C5BFDE4F6} = {1094F686-C387-4C4B-9D6D-36791E8755F7}
		{54C5B7D7-F054-49F4-B9B6-0B3E7401ED5B} = {1094F686-C387-4C4B-9D6D-36791E8755F7}
		{F0852FD1-A571-4663-B2F6-9EE2425C53C8} = {1094F686-C387-4C4B-9D6D-36791E8755F7}
		{6903047E-F7C5-4397-9D06-D7DC1D865DA6} = {1094F686-C387-4C4B-9D6D-36791E8755F7}
		{9B13E4B7-856D-4993-A7EE-DFABD24E9870} = {709BA744-6894-4B08-9EE5-0A697E8F2983}
		{3172D8AF-4E10-47A9-BB03-78E23015BCD4} = {709BA744-6894-4B08-9EE5-0A697E8F2983}
	EndGlobalSection
	GlobalSection(ExtensibilityGlobals) = postSolution
		SolutionGuid = {115D186B-DEAD-4795-8330-8A9EA895D250}
	EndGlobalSection
EndGlobal
